# THIS IS AN AUTOGENERATED FILE. DO NOT EDIT THIS FILE DIRECTLY.
# yarn lockfile v1


"@aashutoshrathi/word-wrap@^1.2.3":
  version "1.2.6"

"@ampproject/remapping@^2.3.0":
  version "2.3.0"
  dependencies:
    "@jridgewell/gen-mapping" "^0.3.5"
    "@jridgewell/trace-mapping" "^0.3.24"

"@esbuild/darwin-arm64@0.21.5":
  version "0.21.5"

"@eslint-community/eslint-utils@^4.2.0":
  version "4.4.0"
  dependencies:
    eslint-visitor-keys "^3.3.0"

"@eslint-community/eslint-utils@^4.4.0":
  version "4.4.1"
  dependencies:
    eslint-visitor-keys "^3.4.3"

"@eslint-community/regexpp@^4.6.1":
  version "4.10.0"

"@eslint/eslintrc@^2.1.4":
  version "2.1.4"
  dependencies:
    ajv "^6.12.4"
    debug "^4.3.2"
    espree "^9.6.0"
    globals "^13.19.0"
    ignore "^5.2.0"
    import-fresh "^3.2.1"
    js-yaml "^4.1.0"
    minimatch "^3.1.2"
    strip-json-comments "^3.1.1"

"@eslint/js@8.56.0":
  version "8.56.0"

"@fortawesome/fontawesome-common-types@6.7.2":
  version "6.7.2"

"@fortawesome/free-brands-svg-icons@^6.7.2":
  version "6.7.2"
  dependencies:
    "@fortawesome/fontawesome-common-types" "6.7.2"

"@fortawesome/free-solid-svg-icons@^6.7.2":
  version "6.7.2"
  dependencies:
    "@fortawesome/fontawesome-common-types" "6.7.2"

"@giscus/svelte@^3.1.0":
  version "3.1.0"
  dependencies:
    giscus "^1.6.0"

"@humanwhocodes/config-array@^0.11.13":
  version "0.11.14"
  dependencies:
    "@humanwhocodes/object-schema" "^2.0.2"
    debug "^4.3.1"
    minimatch "^3.0.5"

"@humanwhocodes/module-importer@^1.0.1":
  version "1.0.1"

"@humanwhocodes/object-schema@^2.0.2":
  version "2.0.2"

"@jridgewell/gen-mapping@^0.3.5":
  version "0.3.8"
  dependencies:
    "@jridgewell/set-array" "^1.2.1"
    "@jridgewell/sourcemap-codec" "^1.4.10"
    "@jridgewell/trace-mapping" "^0.3.24"

"@jridgewell/resolve-uri@^3.1.0":
  version "3.1.2"

"@jridgewell/set-array@^1.2.1":
  version "1.2.1"

"@jridgewell/sourcemap-codec@^1.4.10":
  version "1.4.15"

"@jridgewell/sourcemap-codec@^1.4.14":
  version "1.4.15"

"@jridgewell/sourcemap-codec@^1.4.15", "@jridgewell/sourcemap-codec@^1.5.0":
  version "1.5.0"

"@jridgewell/trace-mapping@^0.3.24":
  version "0.3.25"
  dependencies:
    "@jridgewell/resolve-uri" "^3.1.0"
    "@jridgewell/sourcemap-codec" "^1.4.14"

"@jsdevtools/rehype-toc@3.0.2":
  version "3.0.2"
  resolved "https://registry.npmjs.org/@jsdevtools/rehype-toc/-/rehype-toc-3.0.2.tgz"
  integrity sha512-n5JEf16Wr4mdkRMZ8wMP/wN9/sHmTjRPbouXjJH371mZ2LEGDl72t8tEsMRNFerQN/QJtivOxqK1frdGa4QK5Q==

"@lit-labs/ssr-dom-shim@^1.2.0":
  version "1.2.0"

"@lit/reactive-element@^2.0.4":
  version "2.0.4"
  dependencies:
    "@lit-labs/ssr-dom-shim" "^1.2.0"

"@material/animation@^14.0.0":
  version "14.0.0"
  dependencies:
    tslib "^2.1.0"

"@material/banner@^14.0.0":
  version "14.0.0"
  dependencies:
    "@material/base" "^14.0.0"
    "@material/button" "^14.0.0"
    "@material/dom" "^14.0.0"
    "@material/elevation" "^14.0.0"
    "@material/feature-targeting" "^14.0.0"
    "@material/ripple" "^14.0.0"
    "@material/rtl" "^14.0.0"
    "@material/shape" "^14.0.0"
    "@material/theme" "^14.0.0"
    "@material/tokens" "^14.0.0"
    "@material/typography" "^14.0.0"
    tslib "^2.1.0"

"@material/base@^14.0.0":
  version "14.0.0"
  dependencies:
    tslib "^2.1.0"

"@material/button@^14.0.0":
  version "14.0.0"
  dependencies:
    "@material/density" "^14.0.0"
    "@material/dom" "^14.0.0"
    "@material/elevation" "^14.0.0"
    "@material/feature-targeting" "^14.0.0"
    "@material/focus-ring" "^14.0.0"
    "@material/ripple" "^14.0.0"
    "@material/rtl" "^14.0.0"
    "@material/shape" "^14.0.0"
    "@material/theme" "^14.0.0"
    "@material/tokens" "^14.0.0"
    "@material/touch-target" "^14.0.0"
    "@material/typography" "^14.0.0"
    tslib "^2.1.0"

"@material/card@^14.0.0":
  version "14.0.0"
  dependencies:
    "@material/dom" "^14.0.0"
    "@material/elevation" "^14.0.0"
    "@material/feature-targeting" "^14.0.0"
    "@material/ripple" "^14.0.0"
    "@material/rtl" "^14.0.0"
    "@material/shape" "^14.0.0"
    "@material/theme" "^14.0.0"
    tslib "^2.1.0"

"@material/checkbox@^14.0.0":
  version "14.0.0"
  dependencies:
    "@material/animation" "^14.0.0"
    "@material/base" "^14.0.0"
    "@material/density" "^14.0.0"
    "@material/dom" "^14.0.0"
    "@material/feature-targeting" "^14.0.0"
    "@material/focus-ring" "^14.0.0"
    "@material/ripple" "^14.0.0"
    "@material/theme" "^14.0.0"
    "@material/touch-target" "^14.0.0"
    tslib "^2.1.0"

"@material/chips@^14.0.0":
  version "14.0.0"
  dependencies:
    "@material/animation" "^14.0.0"
    "@material/base" "^14.0.0"
    "@material/checkbox" "^14.0.0"
    "@material/density" "^14.0.0"
    "@material/dom" "^14.0.0"
    "@material/elevation" "^14.0.0"
    "@material/feature-targeting" "^14.0.0"
    "@material/focus-ring" "^14.0.0"
    "@material/ripple" "^14.0.0"
    "@material/rtl" "^14.0.0"
    "@material/shape" "^14.0.0"
    "@material/theme" "^14.0.0"
    "@material/tokens" "^14.0.0"
    "@material/touch-target" "^14.0.0"
    "@material/typography" "^14.0.0"
    tslib "^2.1.0"

"@material/circular-progress@^14.0.0":
  version "14.0.0"
  dependencies:
    "@material/animation" "^14.0.0"
    "@material/base" "^14.0.0"
    "@material/feature-targeting" "^14.0.0"
    "@material/progress-indicator" "^14.0.0"
    "@material/rtl" "^14.0.0"
    "@material/theme" "^14.0.0"
    tslib "^2.1.0"

"@material/data-table@^14.0.0":
  version "14.0.0"
  dependencies:
    "@material/animation" "^14.0.0"
    "@material/base" "^14.0.0"
    "@material/checkbox" "^14.0.0"
    "@material/density" "^14.0.0"
    "@material/dom" "^14.0.0"
    "@material/elevation" "^14.0.0"
    "@material/feature-targeting" "^14.0.0"
    "@material/icon-button" "^14.0.0"
    "@material/linear-progress" "^14.0.0"
    "@material/list" "^14.0.0"
    "@material/menu" "^14.0.0"
    "@material/rtl" "^14.0.0"
    "@material/select" "^14.0.0"
    "@material/shape" "^14.0.0"
    "@material/theme" "^14.0.0"
    "@material/touch-target" "^14.0.0"
    "@material/typography" "^14.0.0"
    tslib "^2.1.0"

"@material/density@^14.0.0":
  version "14.0.0"
  dependencies:
    tslib "^2.1.0"

"@material/dialog@^14.0.0":
  version "14.0.0"
  dependencies:
    "@material/animation" "^14.0.0"
    "@material/base" "^14.0.0"
    "@material/button" "^14.0.0"
    "@material/dom" "^14.0.0"
    "@material/elevation" "^14.0.0"
    "@material/feature-targeting" "^14.0.0"
    "@material/icon-button" "^14.0.0"
    "@material/ripple" "^14.0.0"
    "@material/rtl" "^14.0.0"
    "@material/shape" "^14.0.0"
    "@material/theme" "^14.0.0"
    "@material/tokens" "^14.0.0"
    "@material/touch-target" "^14.0.0"
    "@material/typography" "^14.0.0"
    tslib "^2.1.0"

"@material/dom@^14.0.0":
  version "14.0.0"
  dependencies:
    "@material/feature-targeting" "^14.0.0"
    tslib "^2.1.0"

"@material/drawer@^14.0.0":
  version "14.0.0"
  dependencies:
    "@material/animation" "^14.0.0"
    "@material/base" "^14.0.0"
    "@material/dom" "^14.0.0"
    "@material/elevation" "^14.0.0"
    "@material/feature-targeting" "^14.0.0"
    "@material/list" "^14.0.0"
    "@material/ripple" "^14.0.0"
    "@material/rtl" "^14.0.0"
    "@material/shape" "^14.0.0"
    "@material/theme" "^14.0.0"
    "@material/typography" "^14.0.0"
    tslib "^2.1.0"

"@material/elevation@^14.0.0":
  version "14.0.0"
  dependencies:
    "@material/animation" "^14.0.0"
    "@material/base" "^14.0.0"
    "@material/feature-targeting" "^14.0.0"
    "@material/rtl" "^14.0.0"
    "@material/theme" "^14.0.0"
    tslib "^2.1.0"

"@material/fab@^14.0.0":
  version "14.0.0"
  dependencies:
    "@material/animation" "^14.0.0"
    "@material/dom" "^14.0.0"
    "@material/elevation" "^14.0.0"
    "@material/feature-targeting" "^14.0.0"
    "@material/focus-ring" "^14.0.0"
    "@material/ripple" "^14.0.0"
    "@material/rtl" "^14.0.0"
    "@material/shape" "^14.0.0"
    "@material/theme" "^14.0.0"
    "@material/tokens" "^14.0.0"
    "@material/touch-target" "^14.0.0"
    "@material/typography" "^14.0.0"
    tslib "^2.1.0"

"@material/feature-targeting@^14.0.0":
  version "14.0.0"
  dependencies:
    tslib "^2.1.0"

"@material/floating-label@^14.0.0":
  version "14.0.0"
  dependencies:
    "@material/animation" "^14.0.0"
    "@material/base" "^14.0.0"
    "@material/dom" "^14.0.0"
    "@material/feature-targeting" "^14.0.0"
    "@material/rtl" "^14.0.0"
    "@material/theme" "^14.0.0"
    "@material/typography" "^14.0.0"
    tslib "^2.1.0"

"@material/focus-ring@^14.0.0":
  version "14.0.0"
  dependencies:
    "@material/dom" "^14.0.0"
    "@material/feature-targeting" "^14.0.0"
    "@material/rtl" "^14.0.0"

"@material/form-field@^14.0.0":
  version "14.0.0"
  dependencies:
    "@material/base" "^14.0.0"
    "@material/feature-targeting" "^14.0.0"
    "@material/ripple" "^14.0.0"
    "@material/rtl" "^14.0.0"
    "@material/theme" "^14.0.0"
    "@material/typography" "^14.0.0"
    tslib "^2.1.0"

"@material/icon-button@^14.0.0":
  version "14.0.0"
  dependencies:
    "@material/base" "^14.0.0"
    "@material/density" "^14.0.0"
    "@material/dom" "^14.0.0"
    "@material/elevation" "^14.0.0"
    "@material/feature-targeting" "^14.0.0"
    "@material/focus-ring" "^14.0.0"
    "@material/ripple" "^14.0.0"
    "@material/rtl" "^14.0.0"
    "@material/theme" "^14.0.0"
    "@material/touch-target" "^14.0.0"
    tslib "^2.1.0"

"@material/image-list@^14.0.0":
  version "14.0.0"
  dependencies:
    "@material/feature-targeting" "^14.0.0"
    "@material/shape" "^14.0.0"
    "@material/theme" "^14.0.0"
    "@material/typography" "^14.0.0"
    tslib "^2.1.0"

"@material/layout-grid@^14.0.0":
  version "14.0.0"
  dependencies:
    tslib "^2.1.0"

"@material/line-ripple@^14.0.0":
  version "14.0.0"
  dependencies:
    "@material/animation" "^14.0.0"
    "@material/base" "^14.0.0"
    "@material/feature-targeting" "^14.0.0"
    "@material/theme" "^14.0.0"
    tslib "^2.1.0"

"@material/linear-progress@^14.0.0":
  version "14.0.0"
  dependencies:
    "@material/animation" "^14.0.0"
    "@material/base" "^14.0.0"
    "@material/dom" "^14.0.0"
    "@material/feature-targeting" "^14.0.0"
    "@material/progress-indicator" "^14.0.0"
    "@material/rtl" "^14.0.0"
    "@material/theme" "^14.0.0"
    tslib "^2.1.0"

"@material/list@^14.0.0":
  version "14.0.0"
  dependencies:
    "@material/base" "^14.0.0"
    "@material/density" "^14.0.0"
    "@material/dom" "^14.0.0"
    "@material/feature-targeting" "^14.0.0"
    "@material/ripple" "^14.0.0"
    "@material/rtl" "^14.0.0"
    "@material/shape" "^14.0.0"
    "@material/theme" "^14.0.0"
    "@material/typography" "^14.0.0"
    tslib "^2.1.0"

"@material/menu-surface@^14.0.0":
  version "14.0.0"
  dependencies:
    "@material/animation" "^14.0.0"
    "@material/base" "^14.0.0"
    "@material/elevation" "^14.0.0"
    "@material/feature-targeting" "^14.0.0"
    "@material/rtl" "^14.0.0"
    "@material/shape" "^14.0.0"
    "@material/theme" "^14.0.0"
    tslib "^2.1.0"

"@material/menu@^14.0.0":
  version "14.0.0"
  dependencies:
    "@material/base" "^14.0.0"
    "@material/dom" "^14.0.0"
    "@material/elevation" "^14.0.0"
    "@material/feature-targeting" "^14.0.0"
    "@material/list" "^14.0.0"
    "@material/menu-surface" "^14.0.0"
    "@material/ripple" "^14.0.0"
    "@material/rtl" "^14.0.0"
    "@material/theme" "^14.0.0"
    tslib "^2.1.0"

"@material/notched-outline@^14.0.0":
  version "14.0.0"
  dependencies:
    "@material/base" "^14.0.0"
    "@material/feature-targeting" "^14.0.0"
    "@material/floating-label" "^14.0.0"
    "@material/rtl" "^14.0.0"
    "@material/shape" "^14.0.0"
    "@material/theme" "^14.0.0"
    tslib "^2.1.0"

"@material/progress-indicator@^14.0.0":
  version "14.0.0"
  dependencies:
    tslib "^2.1.0"

"@material/radio@^14.0.0":
  version "14.0.0"
  dependencies:
    "@material/animation" "^14.0.0"
    "@material/base" "^14.0.0"
    "@material/density" "^14.0.0"
    "@material/dom" "^14.0.0"
    "@material/feature-targeting" "^14.0.0"
    "@material/focus-ring" "^14.0.0"
    "@material/ripple" "^14.0.0"
    "@material/theme" "^14.0.0"
    "@material/touch-target" "^14.0.0"
    tslib "^2.1.0"

"@material/ripple@^14.0.0":
  version "14.0.0"
  dependencies:
    "@material/animation" "^14.0.0"
    "@material/base" "^14.0.0"
    "@material/dom" "^14.0.0"
    "@material/feature-targeting" "^14.0.0"
    "@material/rtl" "^14.0.0"
    "@material/theme" "^14.0.0"
    tslib "^2.1.0"

"@material/rtl@^14.0.0":
  version "14.0.0"
  dependencies:
    "@material/theme" "^14.0.0"
    tslib "^2.1.0"

"@material/segmented-button@^14.0.0":
  version "14.0.0"
  dependencies:
    "@material/base" "^14.0.0"
    "@material/elevation" "^14.0.0"
    "@material/feature-targeting" "^14.0.0"
    "@material/ripple" "^14.0.0"
    "@material/theme" "^14.0.0"
    "@material/touch-target" "^14.0.0"
    "@material/typography" "^14.0.0"
    tslib "^2.1.0"

"@material/select@^14.0.0":
  version "14.0.0"
  dependencies:
    "@material/animation" "^14.0.0"
    "@material/base" "^14.0.0"
    "@material/density" "^14.0.0"
    "@material/dom" "^14.0.0"
    "@material/elevation" "^14.0.0"
    "@material/feature-targeting" "^14.0.0"
    "@material/floating-label" "^14.0.0"
    "@material/line-ripple" "^14.0.0"
    "@material/list" "^14.0.0"
    "@material/menu" "^14.0.0"
    "@material/menu-surface" "^14.0.0"
    "@material/notched-outline" "^14.0.0"
    "@material/ripple" "^14.0.0"
    "@material/rtl" "^14.0.0"
    "@material/shape" "^14.0.0"
    "@material/theme" "^14.0.0"
    "@material/tokens" "^14.0.0"
    "@material/typography" "^14.0.0"
    tslib "^2.1.0"

"@material/shape@^14.0.0":
  version "14.0.0"
  dependencies:
    "@material/feature-targeting" "^14.0.0"
    "@material/rtl" "^14.0.0"
    "@material/theme" "^14.0.0"
    tslib "^2.1.0"

"@material/slider@^14.0.0":
  version "14.0.0"
  dependencies:
    "@material/animation" "^14.0.0"
    "@material/base" "^14.0.0"
    "@material/dom" "^14.0.0"
    "@material/elevation" "^14.0.0"
    "@material/feature-targeting" "^14.0.0"
    "@material/ripple" "^14.0.0"
    "@material/rtl" "^14.0.0"
    "@material/theme" "^14.0.0"
    "@material/typography" "^14.0.0"
    tslib "^2.1.0"

"@material/snackbar@^14.0.0":
  version "14.0.0"
  dependencies:
    "@material/animation" "^14.0.0"
    "@material/base" "^14.0.0"
    "@material/button" "^14.0.0"
    "@material/dom" "^14.0.0"
    "@material/elevation" "^14.0.0"
    "@material/feature-targeting" "^14.0.0"
    "@material/icon-button" "^14.0.0"
    "@material/ripple" "^14.0.0"
    "@material/rtl" "^14.0.0"
    "@material/shape" "^14.0.0"
    "@material/theme" "^14.0.0"
    "@material/typography" "^14.0.0"
    tslib "^2.1.0"

"@material/switch@^14.0.0":
  version "14.0.0"
  dependencies:
    "@material/animation" "^14.0.0"
    "@material/base" "^14.0.0"
    "@material/density" "^14.0.0"
    "@material/dom" "^14.0.0"
    "@material/elevation" "^14.0.0"
    "@material/feature-targeting" "^14.0.0"
    "@material/focus-ring" "^14.0.0"
    "@material/ripple" "^14.0.0"
    "@material/rtl" "^14.0.0"
    "@material/shape" "^14.0.0"
    "@material/theme" "^14.0.0"
    "@material/tokens" "^14.0.0"
    tslib "^2.1.0"

"@material/tab-bar@^14.0.0":
  version "14.0.0"
  dependencies:
    "@material/animation" "^14.0.0"
    "@material/base" "^14.0.0"
    "@material/density" "^14.0.0"
    "@material/elevation" "^14.0.0"
    "@material/feature-targeting" "^14.0.0"
    "@material/tab" "^14.0.0"
    "@material/tab-indicator" "^14.0.0"
    "@material/tab-scroller" "^14.0.0"
    "@material/theme" "^14.0.0"
    "@material/typography" "^14.0.0"
    tslib "^2.1.0"

"@material/tab-indicator@^14.0.0":
  version "14.0.0"
  dependencies:
    "@material/animation" "^14.0.0"
    "@material/base" "^14.0.0"
    "@material/feature-targeting" "^14.0.0"
    "@material/theme" "^14.0.0"
    tslib "^2.1.0"

"@material/tab-scroller@^14.0.0":
  version "14.0.0"
  dependencies:
    "@material/animation" "^14.0.0"
    "@material/base" "^14.0.0"
    "@material/dom" "^14.0.0"
    "@material/feature-targeting" "^14.0.0"
    "@material/tab" "^14.0.0"
    tslib "^2.1.0"

"@material/tab@^14.0.0":
  version "14.0.0"
  dependencies:
    "@material/base" "^14.0.0"
    "@material/elevation" "^14.0.0"
    "@material/feature-targeting" "^14.0.0"
    "@material/focus-ring" "^14.0.0"
    "@material/ripple" "^14.0.0"
    "@material/rtl" "^14.0.0"
    "@material/tab-indicator" "^14.0.0"
    "@material/theme" "^14.0.0"
    "@material/typography" "^14.0.0"
    tslib "^2.1.0"

"@material/textfield@^14.0.0":
  version "14.0.0"
  dependencies:
    "@material/animation" "^14.0.0"
    "@material/base" "^14.0.0"
    "@material/density" "^14.0.0"
    "@material/dom" "^14.0.0"
    "@material/feature-targeting" "^14.0.0"
    "@material/floating-label" "^14.0.0"
    "@material/line-ripple" "^14.0.0"
    "@material/notched-outline" "^14.0.0"
    "@material/ripple" "^14.0.0"
    "@material/rtl" "^14.0.0"
    "@material/shape" "^14.0.0"
    "@material/theme" "^14.0.0"
    "@material/tokens" "^14.0.0"
    "@material/typography" "^14.0.0"
    tslib "^2.1.0"

"@material/theme@^14.0.0":
  version "14.0.0"
  dependencies:
    "@material/feature-targeting" "^14.0.0"
    tslib "^2.1.0"

"@material/tokens@^14.0.0":
  version "14.0.0"
  dependencies:
    "@material/elevation" "^14.0.0"

"@material/tooltip@^14.0.0":
  version "14.0.0"
  dependencies:
    "@material/animation" "^14.0.0"
    "@material/base" "^14.0.0"
    "@material/dom" "^14.0.0"
    "@material/elevation" "^14.0.0"
    "@material/feature-targeting" "^14.0.0"
    "@material/rtl" "^14.0.0"
    "@material/shape" "^14.0.0"
    "@material/theme" "^14.0.0"
    "@material/typography" "^14.0.0"
    tslib "^2.1.0"

"@material/top-app-bar@^14.0.0":
  version "14.0.0"
  dependencies:
    "@material/animation" "^14.0.0"
    "@material/base" "^14.0.0"
    "@material/elevation" "^14.0.0"
    "@material/ripple" "^14.0.0"
    "@material/rtl" "^14.0.0"
    "@material/shape" "^14.0.0"
    "@material/theme" "^14.0.0"
    "@material/typography" "^14.0.0"
    tslib "^2.1.0"

"@material/touch-target@^14.0.0":
  version "14.0.0"
  dependencies:
    "@material/base" "^14.0.0"
    "@material/feature-targeting" "^14.0.0"
    "@material/rtl" "^14.0.0"
    tslib "^2.1.0"

"@material/typography@^14.0.0":
  version "14.0.0"
  dependencies:
    "@material/feature-targeting" "^14.0.0"
    "@material/theme" "^14.0.0"
    tslib "^2.1.0"

"@mdi/js@^7.0.96":
  version "7.4.47"

"@nodelib/fs.scandir@2.1.5":
  version "2.1.5"
  dependencies:
    "@nodelib/fs.stat" "2.0.5"
    run-parallel "^1.1.9"

"@nodelib/fs.stat@2.0.5":
  version "2.0.5"

"@nodelib/fs.walk@^1.2.8":
  version "1.2.8"
  dependencies:
    "@nodelib/fs.scandir" "2.1.5"
    fastq "^1.6.0"

"@polka/url@^1.0.0-next.24":
  version "1.0.0-next.28"

"@rollup/rollup-darwin-arm64@4.30.1":
  version "4.30.1"

"@smui-extra/accordion@^8.0.0-beta.3":
  version "8.0.0-beta.3"
  dependencies:
    "@material/animation" "^14.0.0"
    "@material/elevation" "^14.0.0"
    "@material/feature-targeting" "^14.0.0"
    "@material/ripple" "^14.0.0"
    "@material/theme" "^14.0.0"
    "@material/typography" "^14.0.0"
    "@smui/common" "^8.0.0-beta.3"
    "@smui/paper" "^8.0.0-beta.3"
    "@smui/ripple" "^8.0.0-beta.3"

"@smui-extra/autocomplete@^8.0.0-beta.3":
  version "8.0.0-beta.3"
  dependencies:
    "@smui/common" "^8.0.0-beta.3"
    "@smui/list" "^8.0.0-beta.3"
    "@smui/menu" "^8.0.0-beta.3"
    "@smui/menu-surface" "^8.0.0-beta.3"
    "@smui/textfield" "^8.0.0-beta.3"

"@smui-extra/badge@^8.0.0-beta.3":
  version "8.0.0-beta.3"
  dependencies:
    "@material/feature-targeting" "^14.0.0"
    "@material/rtl" "^14.0.0"
    "@material/shape" "^14.0.0"
    "@material/theme" "^14.0.0"
    "@material/typography" "^14.0.0"
    "@smui/common" "^8.0.0-beta.3"

"@smui-extra/bottom-app-bar@^8.0.0-beta.3":
  version "8.0.0-beta.3"
  dependencies:
    "@material/feature-targeting" "^14.0.0"
    "@material/theme" "^14.0.0"
    "@smui/common" "^8.0.0-beta.3"
    "@smui/paper" "^8.0.0-beta.3"

"@smui-extra/chip-input@^8.0.0-beta.3":
  version "8.0.0-beta.3"
  dependencies:
    "@smui-extra/autocomplete" "^8.0.0-beta.3"
    "@smui/chips" "^8.0.0-beta.3"
    "@smui/common" "^8.0.0-beta.3"
    "@smui/floating-label" "^8.0.0-beta.3"
    "@smui/line-ripple" "^8.0.0-beta.3"
    "@smui/list" "^8.0.0-beta.3"
    "@smui/textfield" "^8.0.0-beta.3"

"@smui/banner@^8.0.0-beta.3":
  version "8.0.0-beta.3"
  dependencies:
    "@material/banner" "^14.0.0"
    "@smui/common" "^8.0.0-beta.3"

"@smui/button@^8.0.0-beta.3":
  version "8.0.0-beta.3"
  dependencies:
    "@material/button" "^14.0.0"
    "@material/elevation" "^14.0.0"
    "@material/feature-targeting" "^14.0.0"
    "@material/ripple" "^14.0.0"
    "@material/shape" "^14.0.0"
    "@material/theme" "^14.0.0"
    "@smui/common" "^8.0.0-beta.3"
    "@smui/ripple" "^8.0.0-beta.3"

"@smui/card@^8.0.0-beta.3":
  version "8.0.0-beta.3"
  dependencies:
    "@material/card" "^14.0.0"
    "@smui/button" "^8.0.0-beta.3"
    "@smui/common" "^8.0.0-beta.3"
    "@smui/icon-button" "^8.0.0-beta.3"
    "@smui/ripple" "^8.0.0-beta.3"

"@smui/checkbox@^8.0.0-beta.3":
  version "8.0.0-beta.3"
  dependencies:
    "@material/checkbox" "^14.0.0"
    "@smui/common" "^8.0.0-beta.3"
    "@smui/ripple" "^8.0.0-beta.3"

"@smui/chips@^8.0.0-beta.3":
  version "8.0.0-beta.3"
  dependencies:
    "@material/chips" "^14.0.0"
    "@material/dom" "^14.0.0"
    "@material/rtl" "^14.0.0"
    "@smui/common" "^8.0.0-beta.3"
    "@smui/ripple" "^8.0.0-beta.3"

"@smui/circular-progress@^8.0.0-beta.3":
  version "8.0.0-beta.3"
  dependencies:
    "@material/circular-progress" "^14.0.0"
    "@smui/common" "^8.0.0-beta.3"

"@smui/common@^8.0.0-beta.3":
  version "8.0.0-beta.3"
  dependencies:
    "@material/dom" "^14.0.0"

"@smui/data-table@^8.0.0-beta.3":
  version "8.0.0-beta.3"
  dependencies:
    "@material/data-table" "^14.0.0"
    "@material/dom" "^14.0.0"
    "@smui/checkbox" "^8.0.0-beta.3"
    "@smui/common" "^8.0.0-beta.3"
    "@smui/icon-button" "^8.0.0-beta.3"
    "@smui/ripple" "^8.0.0-beta.3"
    "@smui/select" "^8.0.0-beta.3"

"@smui/dialog@^8.0.0-beta.3":
  version "8.0.0-beta.3"
  dependencies:
    "@material/button" "^14.0.0"
    "@material/dialog" "^14.0.0"
    "@material/dom" "^14.0.0"
    "@smui/common" "^8.0.0-beta.3"

"@smui/drawer@^8.0.0-beta.3":
  version "8.0.0-beta.3"
  dependencies:
    "@material/dom" "^14.0.0"
    "@material/drawer" "^14.0.0"
    "@smui/common" "^8.0.0-beta.3"

"@smui/fab@^8.0.0-beta.3":
  version "8.0.0-beta.3"
  dependencies:
    "@material/fab" "^14.0.0"
    "@material/feature-targeting" "^14.0.0"
    "@smui/common" "^8.0.0-beta.3"
    "@smui/ripple" "^8.0.0-beta.3"

"@smui/floating-label@^8.0.0-beta.3":
  version "8.0.0-beta.3"
  dependencies:
    "@material/floating-label" "^14.0.0"
    "@smui/common" "^8.0.0-beta.3"

"@smui/form-field@^8.0.0-beta.3":
  version "8.0.0-beta.3"
  dependencies:
    "@material/feature-targeting" "^14.0.0"
    "@material/form-field" "^14.0.0"
    "@material/rtl" "^14.0.0"
    "@smui/common" "^8.0.0-beta.3"

"@smui/icon-button@^8.0.0-beta.3":
  version "8.0.0-beta.3"
  dependencies:
    "@material/density" "^14.0.0"
    "@material/icon-button" "^14.0.0"
    "@smui/common" "^8.0.0-beta.3"
    "@smui/ripple" "^8.0.0-beta.3"

"@smui/image-list@^8.0.0-beta.3":
  version "8.0.0-beta.3"
  dependencies:
    "@material/image-list" "^14.0.0"
    "@smui/common" "^8.0.0-beta.3"

"@smui/layout-grid@^8.0.0-beta.3":
  version "8.0.0-beta.3"
  dependencies:
    "@material/layout-grid" "^14.0.0"
    "@smui/common" "^8.0.0-beta.3"

"@smui/line-ripple@^8.0.0-beta.3":
  version "8.0.0-beta.3"
  dependencies:
    "@material/line-ripple" "^14.0.0"
    "@smui/common" "^8.0.0-beta.3"

"@smui/linear-progress@^8.0.0-beta.3":
  version "8.0.0-beta.3"
  dependencies:
    "@material/linear-progress" "^14.0.0"
    "@smui/common" "^8.0.0-beta.3"

"@smui/list@^8.0.0-beta.3":
  version "8.0.0-beta.3"
  dependencies:
    "@material/dom" "^14.0.0"
    "@material/feature-targeting" "^14.0.0"
    "@material/list" "^14.0.0"
    "@smui/common" "^8.0.0-beta.3"
    "@smui/ripple" "^8.0.0-beta.3"

"@smui/menu-surface@^8.0.0-beta.3":
  version "8.0.0-beta.3"
  dependencies:
    "@material/animation" "^14.0.0"
    "@material/menu-surface" "^14.0.0"
    "@smui/common" "^8.0.0-beta.3"

"@smui/menu@^8.0.0-beta.3":
  version "8.0.0-beta.3"
  dependencies:
    "@material/dom" "^14.0.0"
    "@material/menu" "^14.0.0"
    "@smui/common" "^8.0.0-beta.3"
    "@smui/list" "^8.0.0-beta.3"
    "@smui/menu-surface" "^8.0.0-beta.3"

"@smui/notched-outline@^8.0.0-beta.3":
  version "8.0.0-beta.3"
  dependencies:
    "@material/notched-outline" "^14.0.0"
    "@smui/common" "^8.0.0-beta.3"
    "@smui/floating-label" "^8.0.0-beta.3"

"@smui/paper@^8.0.0-beta.3":
  version "8.0.0-beta.3"
  dependencies:
    "@material/elevation" "^14.0.0"
    "@material/feature-targeting" "^14.0.0"
    "@material/shape" "^14.0.0"
    "@material/theme" "^14.0.0"
    "@material/typography" "^14.0.0"
    "@smui/common" "^8.0.0-beta.3"

"@smui/radio@^8.0.0-beta.3":
  version "8.0.0-beta.3"
  dependencies:
    "@material/radio" "^14.0.0"
    "@smui/common" "^8.0.0-beta.3"
    "@smui/ripple" "^8.0.0-beta.3"

"@smui/ripple@^8.0.0-beta.3":
  version "8.0.0-beta.3"
  dependencies:
    "@material/dom" "^14.0.0"
    "@material/ripple" "^14.0.0"
    "@smui/common" "^8.0.0-beta.3"

"@smui/segmented-button@^8.0.0-beta.3":
  version "8.0.0-beta.3"
  dependencies:
    "@material/base" "^14.0.0"
    "@material/ripple" "^14.0.0"
    "@material/segmented-button" "^14.0.0"
    "@smui/common" "^8.0.0-beta.3"
    "@smui/ripple" "^8.0.0-beta.3"

"@smui/select@^8.0.0-beta.3":
  version "8.0.0-beta.3"
  dependencies:
    "@material/feature-targeting" "^14.0.0"
    "@material/ripple" "^14.0.0"
    "@material/rtl" "^14.0.0"
    "@material/select" "^14.0.0"
    "@material/theme" "^14.0.0"
    "@smui/common" "^8.0.0-beta.3"
    "@smui/floating-label" "^8.0.0-beta.3"
    "@smui/line-ripple" "^8.0.0-beta.3"
    "@smui/list" "^8.0.0-beta.3"
    "@smui/menu" "^8.0.0-beta.3"
    "@smui/menu-surface" "^8.0.0-beta.3"
    "@smui/notched-outline" "^8.0.0-beta.3"
    "@smui/ripple" "^8.0.0-beta.3"

"@smui/slider@^8.0.0-beta.3":
  version "8.0.0-beta.3"
  dependencies:
    "@material/dom" "^14.0.0"
    "@material/slider" "^14.0.0"
    "@smui/common" "^8.0.0-beta.3"
    "@smui/ripple" "^8.0.0-beta.3"

"@smui/snackbar@^8.0.0-beta.3":
  version "8.0.0-beta.3"
  dependencies:
    "@material/dom" "^14.0.0"
    "@material/feature-targeting" "^14.0.0"
    "@material/snackbar" "^14.0.0"
    "@smui/button" "^8.0.0-beta.3"
    "@smui/common" "^8.0.0-beta.3"
    "@smui/icon-button" "^8.0.0-beta.3"
    "@smui/ripple" "^8.0.0-beta.3"

"@smui/switch@^8.0.0-beta.3":
  version "8.0.0-beta.3"
  dependencies:
    "@material/feature-targeting" "^14.0.0"
    "@material/switch" "^14.0.0"
    "@material/theme" "^14.0.0"
    "@smui/common" "^8.0.0-beta.3"
    "@smui/ripple" "^8.0.0-beta.3"

"@smui/tab-bar@^8.0.0-beta.3":
  version "8.0.0-beta.3"
  dependencies:
    "@material/tab-bar" "^14.0.0"
    "@smui/common" "^8.0.0-beta.3"
    "@smui/tab" "^8.0.0-beta.3"
    "@smui/tab-scroller" "^8.0.0-beta.3"

"@smui/tab-indicator@^8.0.0-beta.3":
  version "8.0.0-beta.3"
  dependencies:
    "@material/tab-indicator" "^14.0.0"
    "@smui/common" "^8.0.0-beta.3"

"@smui/tab-scroller@^8.0.0-beta.3":
  version "8.0.0-beta.3"
  dependencies:
    "@material/dom" "^14.0.0"
    "@material/tab-scroller" "^14.0.0"
    "@smui/common" "^8.0.0-beta.3"

"@smui/tab@^8.0.0-beta.3":
  version "8.0.0-beta.3"
  dependencies:
    "@material/tab" "^14.0.0"
    "@smui/common" "^8.0.0-beta.3"
    "@smui/ripple" "^8.0.0-beta.3"
    "@smui/tab-indicator" "^8.0.0-beta.3"

"@smui/textfield@^8.0.0-beta.3":
  version "8.0.0-beta.3"
  dependencies:
    "@material/dom" "^14.0.0"
    "@material/feature-targeting" "^14.0.0"
    "@material/ripple" "^14.0.0"
    "@material/rtl" "^14.0.0"
    "@material/textfield" "^14.0.0"
    "@smui/common" "^8.0.0-beta.3"
    "@smui/floating-label" "^8.0.0-beta.3"
    "@smui/line-ripple" "^8.0.0-beta.3"
    "@smui/notched-outline" "^8.0.0-beta.3"
    "@smui/ripple" "^8.0.0-beta.3"

"@smui/tooltip@^8.0.0-beta.3":
  version "8.0.0-beta.3"
  dependencies:
    "@material/tooltip" "^14.0.0"
    "@smui/common" "^8.0.0-beta.3"

"@smui/top-app-bar@^8.0.0-beta.3":
  version "8.0.0-beta.3"
  dependencies:
    "@material/feature-targeting" "^14.0.0"
    "@material/top-app-bar" "^14.0.0"
    "@smui/common" "^8.0.0-beta.3"

"@smui/touch-target@^8.0.0-beta.3":
  version "8.0.0-beta.3"
  dependencies:
    "@material/touch-target" "^14.0.0"
    "@smui/common" "^8.0.0-beta.3"

"@sveltejs/adapter-static@^3.0.0":
  version "3.0.1"

"@sveltejs/kit@^2.0.0", "@sveltejs/kit@^2.5.27":
  version "2.15.3"
  dependencies:
    "@types/cookie" "^0.6.0"
    cookie "^0.6.0"
    devalue "^5.1.0"
    esm-env "^1.2.2"
    import-meta-resolve "^4.1.0"
    kleur "^4.1.5"
    magic-string "^0.30.5"
    mrmime "^2.0.0"
    sade "^1.8.1"
    set-cookie-parser "^2.6.0"
    sirv "^3.0.0"
    tiny-glob "^0.2.9"

"@sveltejs/vite-plugin-svelte-inspector@^3.0.0-next.0||^3.0.0":
  version "3.0.1"
  dependencies:
    debug "^4.3.7"

"@sveltejs/vite-plugin-svelte@^3.0.0 || ^4.0.0-next.1 || ^5.0.0", "@sveltejs/vite-plugin-svelte@^4.0.0", "@sveltejs/vite-plugin-svelte@^4.0.0-next.0||^4.0.0":
  version "4.0.4"
  dependencies:
    "@sveltejs/vite-plugin-svelte-inspector" "^3.0.0-next.0||^3.0.0"
    debug "^4.3.7"
    deepmerge "^4.3.1"
    kleur "^4.1.5"
    magic-string "^0.30.12"
    vitefu "^1.0.3"

"@types/cookie@^0.6.0":
  version "0.6.0"

"@types/estree@^1.0.5", "@types/estree@^1.0.6", "@types/estree@1.0.6":
  version "1.0.6"

"@types/hast@^2.0.0":
  version "2.3.10"
  dependencies:
    "@types/unist" "^2"

"@types/trusted-types@^2.0.2":
  version "2.0.7"

"@types/unist@^2", "@types/unist@^2.0.0", "@types/unist@^2.0.2", "@types/unist@^2.0.3":
  version "2.0.10"

"@ungap/structured-clone@^1.2.0":
  version "1.2.0"

acorn-jsx@^5.3.2:
  version "5.3.2"

acorn-typescript@^1.4.13:
  version "1.4.13"

"acorn@^6.0.0 || ^7.0.0 || ^8.0.0", acorn@^8.9.0:
  version "8.11.3"

acorn@^8.12.1, acorn@>=8.9.0:
  version "8.14.0"

ajv@^6.12.4:
  version "6.12.6"
  dependencies:
    fast-deep-equal "^3.1.1"
    fast-json-stable-stringify "^2.0.0"
    json-schema-traverse "^0.4.1"
    uri-js "^4.2.2"

ansi-regex@^5.0.1:
  version "5.0.1"

ansi-styles@^4.1.0:
  version "4.3.0"
  dependencies:
    color-convert "^2.0.1"

argparse@^2.0.1:
  version "2.0.1"

aria-query@^5.3.1:
  version "5.3.2"

axobject-query@^4.1.0:
  version "4.1.0"

bail@^2.0.0:
  version "2.0.2"

balanced-match@^1.0.0:
  version "1.0.2"

brace-expansion@^1.1.7:
  version "1.1.11"
  dependencies:
    balanced-match "^1.0.0"
    concat-map "0.0.1"

callsites@^3.0.0:
  version "3.1.0"

chalk@^4.0.0:
  version "4.1.2"
  dependencies:
    ansi-styles "^4.1.0"
    supports-color "^7.1.0"

clsx@^2.1.1:
  version "2.1.1"

color-convert@^2.0.1:
  version "2.0.1"
  dependencies:
    color-name "~1.1.4"

color-name@~1.1.4:
  version "1.1.4"

concat-map@0.0.1:
  version "0.0.1"

cookie@^0.6.0:
  version "0.6.0"

cross-spawn@^7.0.2:
  version "7.0.6"
  dependencies:
    path-key "^3.1.0"
    shebang-command "^2.0.0"
    which "^2.0.1"

cssesc@^3.0.0:
  version "3.0.0"

debug@^4.3.1:
  version "4.3.4"
  dependencies:
    ms "2.1.2"

debug@^4.3.2:
  version "4.3.4"
  dependencies:
    ms "2.1.2"

debug@^4.3.7:
  version "4.4.0"
  dependencies:
    ms "^2.1.3"

deep-is@^0.1.3:
  version "0.1.4"

deepmerge@^4.3.1:
  version "4.3.1"

devalue@^5.1.0:
  version "5.1.1"

doctrine@^3.0.0:
  version "3.0.0"
  dependencies:
    esutils "^2.0.2"

entities@^4.4.0:
  version "4.5.0"

esbuild@^0.21.3:
  version "0.21.5"
  optionalDependencies:
    "@esbuild/aix-ppc64" "0.21.5"
    "@esbuild/android-arm" "0.21.5"
    "@esbuild/android-arm64" "0.21.5"
    "@esbuild/android-x64" "0.21.5"
    "@esbuild/darwin-arm64" "0.21.5"
    "@esbuild/darwin-x64" "0.21.5"
    "@esbuild/freebsd-arm64" "0.21.5"
    "@esbuild/freebsd-x64" "0.21.5"
    "@esbuild/linux-arm" "0.21.5"
    "@esbuild/linux-arm64" "0.21.5"
    "@esbuild/linux-ia32" "0.21.5"
    "@esbuild/linux-loong64" "0.21.5"
    "@esbuild/linux-mips64el" "0.21.5"
    "@esbuild/linux-ppc64" "0.21.5"
    "@esbuild/linux-riscv64" "0.21.5"
    "@esbuild/linux-s390x" "0.21.5"
    "@esbuild/linux-x64" "0.21.5"
    "@esbuild/netbsd-x64" "0.21.5"
    "@esbuild/openbsd-x64" "0.21.5"
    "@esbuild/sunos-x64" "0.21.5"
    "@esbuild/win32-arm64" "0.21.5"
    "@esbuild/win32-ia32" "0.21.5"
    "@esbuild/win32-x64" "0.21.5"

escape-string-regexp@^4.0.0:
  version "4.0.0"

eslint-compat-utils@^0.5.1:
  version "0.5.1"
  dependencies:
    semver "^7.5.4"

eslint-config-prettier@^9.1.0:
  version "9.1.0"

eslint-plugin-svelte@^2.45.1:
  version "2.46.1"
  dependencies:
    "@eslint-community/eslint-utils" "^4.4.0"
    "@jridgewell/sourcemap-codec" "^1.4.15"
    eslint-compat-utils "^0.5.1"
    esutils "^2.0.3"
    known-css-properties "^0.35.0"
    postcss "^8.4.38"
    postcss-load-config "^3.1.4"
    postcss-safe-parser "^6.0.0"
    postcss-selector-parser "^6.1.0"
    semver "^7.6.2"
    svelte-eslint-parser "^0.43.0"

eslint-scope@^7.2.2:
  version "7.2.2"
  dependencies:
    esrecurse "^4.3.0"
    estraverse "^5.2.0"

eslint-visitor-keys@^3.3.0, eslint-visitor-keys@^3.4.1, eslint-visitor-keys@^3.4.3:
  version "3.4.3"

"eslint@^6.0.0 || ^7.0.0 || >=8.0.0", "eslint@^7.0.0 || ^8.0.0-0 || ^9.0.0-0", eslint@^8.56.0, eslint@>=6.0.0, eslint@>=7.0.0:
  version "8.56.0"
  dependencies:
    "@eslint-community/eslint-utils" "^4.2.0"
    "@eslint-community/regexpp" "^4.6.1"
    "@eslint/eslintrc" "^2.1.4"
    "@eslint/js" "8.56.0"
    "@humanwhocodes/config-array" "^0.11.13"
    "@humanwhocodes/module-importer" "^1.0.1"
    "@nodelib/fs.walk" "^1.2.8"
    "@ungap/structured-clone" "^1.2.0"
    ajv "^6.12.4"
    chalk "^4.0.0"
    cross-spawn "^7.0.2"
    debug "^4.3.2"
    doctrine "^3.0.0"
    escape-string-regexp "^4.0.0"
    eslint-scope "^7.2.2"
    eslint-visitor-keys "^3.4.3"
    espree "^9.6.1"
    esquery "^1.4.2"
    esutils "^2.0.2"
    fast-deep-equal "^3.1.3"
    file-entry-cache "^6.0.1"
    find-up "^5.0.0"
    glob-parent "^6.0.2"
    globals "^13.19.0"
    graphemer "^1.4.0"
    ignore "^5.2.0"
    imurmurhash "^0.1.4"
    is-glob "^4.0.0"
    is-path-inside "^3.0.3"
    js-yaml "^4.1.0"
    json-stable-stringify-without-jsonify "^1.0.1"
    levn "^0.4.1"
    lodash.merge "^4.6.2"
    minimatch "^3.1.2"
    natural-compare "^1.4.0"
    optionator "^0.9.3"
    strip-ansi "^6.0.1"
    text-table "^0.2.0"

esm-env@^1.2.1, esm-env@^1.2.2:
  version "1.2.2"

espree@^9.6.0, espree@^9.6.1:
  version "9.6.1"
  dependencies:
    acorn "^8.9.0"
    acorn-jsx "^5.3.2"
    eslint-visitor-keys "^3.4.1"

esquery@^1.4.2:
  version "1.5.0"
  dependencies:
    estraverse "^5.1.0"

esrap@^1.4.3:
  version "1.4.3"
  dependencies:
    "@jridgewell/sourcemap-codec" "^1.4.15"

esrecurse@^4.3.0:
  version "4.3.0"
  dependencies:
    estraverse "^5.2.0"

estraverse@^5.1.0, estraverse@^5.2.0:
  version "5.3.0"

esutils@^2.0.2, esutils@^2.0.3:
  version "2.0.3"

extend@^3.0.0:
  version "3.0.2"

fast-deep-equal@^3.1.1, fast-deep-equal@^3.1.3:
  version "3.1.3"

fast-json-stable-stringify@^2.0.0:
  version "2.1.0"

fast-levenshtein@^2.0.6:
  version "2.0.6"

fastq@^1.6.0:
  version "1.17.1"
  dependencies:
    reusify "^1.0.4"

file-entry-cache@^6.0.1:
  version "6.0.1"
  dependencies:
    flat-cache "^3.0.4"

find-up@^5.0.0:
  version "5.0.0"
  dependencies:
    locate-path "^6.0.0"
    path-exists "^4.0.0"

flat-cache@^3.0.4:
  version "3.2.0"
  dependencies:
    flatted "^3.2.9"
    keyv "^4.5.3"
    rimraf "^3.0.2"

flatted@^3.2.9:
  version "3.3.1"

fs.realpath@^1.0.0:
  version "1.0.0"

fsevents@~2.3.2, fsevents@~2.3.3:
  version "2.3.3"

giscus@^1.6.0:
  version "1.6.0"
  dependencies:
    lit "^3.2.1"

github-slugger@^2.0.0:
  version "2.0.0"

glob-parent@^6.0.2:
  version "6.0.2"
  dependencies:
    is-glob "^4.0.3"

glob@^7.1.3:
  version "7.2.3"
  dependencies:
    fs.realpath "^1.0.0"
    inflight "^1.0.4"
    inherits "2"
    minimatch "^3.1.1"
    once "^1.3.0"
    path-is-absolute "^1.0.0"

globals@^13.19.0:
  version "13.24.0"
  dependencies:
    type-fest "^0.20.2"

globalyzer@0.1.0:
  version "0.1.0"

globrex@^0.1.2:
  version "0.1.2"

graphemer@^1.4.0:
  version "1.4.0"

has-flag@^4.0.0:
  version "4.0.0"

hast-util-has-property@^2.0.0:
  version "2.0.1"

hast-util-heading-rank@^2.0.0:
  version "2.1.1"
  dependencies:
    "@types/hast" "^2.0.0"

hast-util-is-element@^2.0.0:
  version "2.1.3"
  dependencies:
    "@types/hast" "^2.0.0"
    "@types/unist" "^2.0.0"

hast-util-to-string@^2.0.0:
  version "2.0.0"
  dependencies:
    "@types/hast" "^2.0.0"

ignore@^5.2.0:
  version "5.3.1"

import-fresh@^3.2.1:
  version "3.3.0"
  dependencies:
    parent-module "^1.0.0"
    resolve-from "^4.0.0"

import-meta-resolve@^4.1.0:
  version "4.1.0"

imurmurhash@^0.1.4:
  version "0.1.4"

inflight@^1.0.4:
  version "1.0.6"
  dependencies:
    once "^1.3.0"
    wrappy "1"

inherits@2:
  version "2.0.4"

is-buffer@^2.0.0:
  version "2.0.5"

is-extglob@^2.1.1:
  version "2.1.1"

is-glob@^4.0.0, is-glob@^4.0.3:
  version "4.0.3"
  dependencies:
    is-extglob "^2.1.1"

is-path-inside@^3.0.3:
  version "3.0.3"

is-plain-obj@^4.0.0:
  version "4.1.0"

is-reference@^3.0.3:
  version "3.0.3"
  dependencies:
    "@types/estree" "^1.0.6"

isexe@^2.0.0:
  version "2.0.0"

js-yaml@^4.1.0:
  version "4.1.0"
  dependencies:
    argparse "^2.0.1"

json-buffer@3.0.1:
  version "3.0.1"

json-schema-traverse@^0.4.1:
  version "0.4.1"

json-stable-stringify-without-jsonify@^1.0.1:
  version "1.0.1"

just-throttle@^4.2.0:
  version "4.2.0"

keyv@^4.5.3:
  version "4.5.4"
  dependencies:
    json-buffer "3.0.1"

kleur@^4.1.5:
  version "4.1.5"

known-css-properties@^0.35.0:
  version "0.35.0"

levn@^0.4.1:
  version "0.4.1"
  dependencies:
    prelude-ls "^1.2.1"
    type-check "~0.4.0"

lilconfig@^2.0.5:
  version "2.1.0"

linkify-it@^5.0.0:
  version "5.0.0"
  dependencies:
    uc.micro "^2.0.0"

lit-element@^4.1.0:
  version "4.1.1"
  dependencies:
    "@lit-labs/ssr-dom-shim" "^1.2.0"
    "@lit/reactive-element" "^2.0.4"
    lit-html "^3.2.0"

lit-html@^3.2.0:
  version "3.2.1"
  dependencies:
    "@types/trusted-types" "^2.0.2"

lit@^3.2.1:
  version "3.2.1"
  dependencies:
    "@lit/reactive-element" "^2.0.4"
    lit-element "^4.1.0"
    lit-html "^3.2.0"

locate-character@^3.0.0:
  version "3.0.0"

locate-path@^6.0.0:
  version "6.0.0"
  dependencies:
    p-locate "^5.0.0"

lodash.merge@^4.6.2:
  version "4.6.2"

magic-string@^0.30.11, magic-string@^0.30.12, magic-string@^0.30.5:
  version "0.30.17"
  dependencies:
    "@jridgewell/sourcemap-codec" "^1.5.0"

markdown-it@^14.0.0:
  version "14.0.0"
  dependencies:
    argparse "^2.0.1"
    entities "^4.4.0"
    linkify-it "^5.0.0"
    mdurl "^2.0.0"
    punycode.js "^2.3.1"
    uc.micro "^2.0.0"

mdsvex@0.12.3:
  version "0.12.3"
  dependencies:
    "@types/unist" "^2.0.3"
    prism-svelte "^0.4.7"
    prismjs "^1.17.1"
    vfile-message "^2.0.4"

mdurl@^2.0.0:
  version "2.0.0"

minimatch@^3.0.5, minimatch@^3.1.1, minimatch@^3.1.2:
  version "3.1.2"
  dependencies:
    brace-expansion "^1.1.7"

mri@^1.1.0:
  version "1.2.0"

mrmime@^2.0.0:
  version "2.0.0"

ms@^2.1.3:
  version "2.1.3"

ms@2.1.2:
  version "2.1.2"

nanoid@^3.3.8:
  version "3.3.8"

natural-compare@^1.4.0:
  version "1.4.0"

once@^1.3.0:
  version "1.4.0"
  dependencies:
    wrappy "1"

optionator@^0.9.3:
  version "0.9.3"
  dependencies:
    "@aashutoshrathi/word-wrap" "^1.2.3"
    deep-is "^0.1.3"
    fast-levenshtein "^2.0.6"
    levn "^0.4.1"
    prelude-ls "^1.2.1"
    type-check "^0.4.0"

p-limit@^3.0.2:
  version "3.1.0"
  dependencies:
    yocto-queue "^0.1.0"

p-locate@^5.0.0:
  version "5.0.0"
  dependencies:
    p-limit "^3.0.2"

parent-module@^1.0.0:
  version "1.0.1"
  dependencies:
    callsites "^3.0.0"

path-exists@^4.0.0:
  version "4.0.0"

path-is-absolute@^1.0.0:
  version "1.0.1"

path-key@^3.1.0:
  version "3.1.1"

picocolors@^1.1.1:
  version "1.1.1"

postcss-load-config@^3.1.4, postcss-load-config@>=3:
  version "3.1.4"
  dependencies:
    lilconfig "^2.0.5"
    yaml "^1.10.2"

postcss-safe-parser@^6.0.0:
  version "6.0.0"

postcss-scss@^4.0.9:
  version "4.0.9"

postcss-selector-parser@^6.1.0:
  version "6.1.2"
  dependencies:
    cssesc "^3.0.0"
    util-deprecate "^1.0.2"

"postcss@^7 || ^8", postcss@^8.3.3, postcss@^8.4.29, postcss@^8.4.38, postcss@^8.4.39, postcss@^8.4.43, postcss@>=8.0.9:
  version "8.5.1"
  dependencies:
    nanoid "^3.3.8"
    picocolors "^1.1.1"
    source-map-js "^1.2.1"

prelude-ls@^1.2.1:
  version "1.2.1"

prettier-plugin-svelte@^3.2.6:
  version "3.3.3"

prettier@^3.0.0, prettier@^3.1.1:
  version "3.2.5"

prism-svelte@^0.4.7:
  version "0.4.7"

prismjs@^1.17.1:
  version "1.29.0"

punycode.js@^2.3.1:
  version "2.3.1"

punycode@^2.1.0:
  version "2.3.1"

queue-microtask@^1.2.2:
  version "1.2.3"

rehype-autolink-headings@^6.1.1:
  version "6.1.1"
  dependencies:
    "@types/hast" "^2.0.0"
    extend "^3.0.0"
    hast-util-has-property "^2.0.0"
    hast-util-heading-rank "^2.0.0"
    hast-util-is-element "^2.0.0"
    unified "^10.0.0"
    unist-util-visit "^4.0.0"

rehype-slug@^5.1.0:
  version "5.1.0"
  dependencies:
    "@types/hast" "^2.0.0"
    github-slugger "^2.0.0"
    hast-util-has-property "^2.0.0"
    hast-util-heading-rank "^2.0.0"
    hast-util-to-string "^2.0.0"
    unified "^10.0.0"
    unist-util-visit "^4.0.0"

rehype-toc@^3.0.2:
  version "3.0.2"
  resolved "https://registry.npmjs.org/rehype-toc/-/rehype-toc-3.0.2.tgz"
  integrity sha512-DMt376+4i1KJGgHJL7Ezd65qKkJ7Eqp6JSB47BJ90ReBrohI9ufrornArM6f4oJjP2E2DVZZHufWucv/9t7GUQ==
  dependencies:
    "@jsdevtools/rehype-toc" "3.0.2"

resolve-from@^4.0.0:
  version "4.0.0"

reusify@^1.0.4:
  version "1.0.4"

rimraf@^3.0.2:
  version "3.0.2"
  dependencies:
    glob "^7.1.3"

rollup@^4.20.0:
  version "4.30.1"
  dependencies:
    "@types/estree" "1.0.6"
  optionalDependencies:
    "@rollup/rollup-android-arm-eabi" "4.30.1"
    "@rollup/rollup-android-arm64" "4.30.1"
    "@rollup/rollup-darwin-arm64" "4.30.1"
    "@rollup/rollup-darwin-x64" "4.30.1"
    "@rollup/rollup-freebsd-arm64" "4.30.1"
    "@rollup/rollup-freebsd-x64" "4.30.1"
    "@rollup/rollup-linux-arm-gnueabihf" "4.30.1"
    "@rollup/rollup-linux-arm-musleabihf" "4.30.1"
    "@rollup/rollup-linux-arm64-gnu" "4.30.1"
    "@rollup/rollup-linux-arm64-musl" "4.30.1"
    "@rollup/rollup-linux-loongarch64-gnu" "4.30.1"
    "@rollup/rollup-linux-powerpc64le-gnu" "4.30.1"
    "@rollup/rollup-linux-riscv64-gnu" "4.30.1"
    "@rollup/rollup-linux-s390x-gnu" "4.30.1"
    "@rollup/rollup-linux-x64-gnu" "4.30.1"
    "@rollup/rollup-linux-x64-musl" "4.30.1"
    "@rollup/rollup-win32-arm64-msvc" "4.30.1"
    "@rollup/rollup-win32-ia32-msvc" "4.30.1"
    "@rollup/rollup-win32-x64-msvc" "4.30.1"
    fsevents "~2.3.2"

run-parallel@^1.1.9:
  version "1.2.0"
  dependencies:
    queue-microtask "^1.2.2"

sade@^1.8.1:
  version "1.8.1"
  dependencies:
    mri "^1.1.0"

semver@^7.5.4, semver@^7.6.2:
  version "7.6.3"

set-cookie-parser@^2.6.0:
  version "2.7.1"

shebang-command@^2.0.0:
  version "2.0.0"
  dependencies:
    shebang-regex "^3.0.0"

shebang-regex@^3.0.0:
  version "3.0.0"

sirv@^3.0.0:
  version "3.0.0"
  dependencies:
    "@polka/url" "^1.0.0-next.24"
    mrmime "^2.0.0"
    totalist "^3.0.0"

smol-toml@1.3.1:
  version "1.3.1"

source-map-js@^1.2.1:
  version "1.2.1"

strip-ansi@^6.0.1:
  version "6.0.1"
  dependencies:
    ansi-regex "^5.0.1"

strip-json-comments@^3.1.1:
  version "3.1.1"

supports-color@^7.1.0:
  version "7.2.0"
  dependencies:
    has-flag "^4.0.0"

svelte-eslint-parser@^0.43.0:
  version "0.43.0"
  dependencies:
    eslint-scope "^7.2.2"
    eslint-visitor-keys "^3.4.3"
    espree "^9.6.1"
    postcss "^8.4.39"
    postcss-scss "^4.0.9"

svelte-fa@^4.0.3:
  version "4.0.3"

svelte-material-ui@^8.0.0-beta.3:
  version "8.0.0-beta.3"
  dependencies:
    "@smui-extra/accordion" "^8.0.0-beta.3"
    "@smui-extra/autocomplete" "^8.0.0-beta.3"
    "@smui-extra/badge" "^8.0.0-beta.3"
    "@smui-extra/bottom-app-bar" "^8.0.0-beta.3"
    "@smui-extra/chip-input" "^8.0.0-beta.3"
    "@smui/banner" "^8.0.0-beta.3"
    "@smui/button" "^8.0.0-beta.3"
    "@smui/card" "^8.0.0-beta.3"
    "@smui/checkbox" "^8.0.0-beta.3"
    "@smui/chips" "^8.0.0-beta.3"
    "@smui/circular-progress" "^8.0.0-beta.3"
    "@smui/common" "^8.0.0-beta.3"
    "@smui/data-table" "^8.0.0-beta.3"
    "@smui/dialog" "^8.0.0-beta.3"
    "@smui/drawer" "^8.0.0-beta.3"
    "@smui/fab" "^8.0.0-beta.3"
    "@smui/floating-label" "^8.0.0-beta.3"
    "@smui/form-field" "^8.0.0-beta.3"
    "@smui/icon-button" "^8.0.0-beta.3"
    "@smui/image-list" "^8.0.0-beta.3"
    "@smui/layout-grid" "^8.0.0-beta.3"
    "@smui/line-ripple" "^8.0.0-beta.3"
    "@smui/linear-progress" "^8.0.0-beta.3"
    "@smui/list" "^8.0.0-beta.3"
    "@smui/menu" "^8.0.0-beta.3"
    "@smui/menu-surface" "^8.0.0-beta.3"
    "@smui/notched-outline" "^8.0.0-beta.3"
    "@smui/paper" "^8.0.0-beta.3"
    "@smui/radio" "^8.0.0-beta.3"
    "@smui/ripple" "^8.0.0-beta.3"
    "@smui/segmented-button" "^8.0.0-beta.3"
    "@smui/select" "^8.0.0-beta.3"
    "@smui/slider" "^8.0.0-beta.3"
    "@smui/snackbar" "^8.0.0-beta.3"
    "@smui/switch" "^8.0.0-beta.3"
    "@smui/tab" "^8.0.0-beta.3"
    "@smui/tab-bar" "^8.0.0-beta.3"
    "@smui/tab-indicator" "^8.0.0-beta.3"
    "@smui/tab-scroller" "^8.0.0-beta.3"
    "@smui/textfield" "^8.0.0-beta.3"
    "@smui/tooltip" "^8.0.0-beta.3"
    "@smui/top-app-bar" "^8.0.0-beta.3"
    "@smui/touch-target" "^8.0.0-beta.3"

svelte-preprocess@^6.0.0:
  version "6.0.3"

svelte-vertical-timeline@^2.0.0:
  version "2.0.0"

"svelte@^3 || ^4 || ^5", "svelte@^3.2.0 || ^4.0.0-next.0 || ^5.0.0-next.0", "svelte@^3.37.0 || ^4.0.0 || ^5.0.0", "svelte@^3.56.0 || ^4.0.0 || ^5.0.0-next.120", "svelte@^4.0.0 || ^5.0.0", "svelte@^4.0.0 || ^5.0.0-next.0", "svelte@^4.0.0 || ^5.0.0-next.100 || ^5.0.0", svelte@^5.0.0, "svelte@^5.0.0-next.96 || ^5.0.0":
  version "5.18.0"
  dependencies:
    "@ampproject/remapping" "^2.3.0"
    "@jridgewell/sourcemap-codec" "^1.5.0"
    "@types/estree" "^1.0.5"
    acorn "^8.12.1"
    acorn-typescript "^1.4.13"
    aria-query "^5.3.1"
    axobject-query "^4.1.0"
    clsx "^2.1.1"
    esm-env "^1.2.1"
    esrap "^1.4.3"
    is-reference "^3.0.3"
    locate-character "^3.0.0"
    magic-string "^0.30.11"
    zimmerframe "^1.1.2"

text-table@^0.2.0:
  version "0.2.0"

tiny-glob@^0.2.9:
  version "0.2.9"
  dependencies:
    globalyzer "0.1.0"
    globrex "^0.1.2"

totalist@^3.0.0:
  version "3.0.1"

trough@^2.0.0:
  version "2.2.0"

tslib@^2.1.0:
  version "2.6.2"

type-check@^0.4.0, type-check@~0.4.0:
  version "0.4.0"
  dependencies:
    prelude-ls "^1.2.1"

type-fest@^0.20.2:
  version "0.20.2"

typescript@^5.0.0, typescript@^5.5.0:
  version "5.7.3"

uc.micro@^2.0.0:
  version "2.0.0"

unified@^10.0.0:
  version "10.1.2"
  dependencies:
    "@types/unist" "^2.0.0"
    bail "^2.0.0"
    extend "^3.0.0"
    is-buffer "^2.0.0"
    is-plain-obj "^4.0.0"
    trough "^2.0.0"
    vfile "^5.0.0"

unist-util-is@^5.0.0:
  version "5.2.1"
  dependencies:
    "@types/unist" "^2.0.0"

unist-util-stringify-position@^2.0.0:
  version "2.0.3"
  dependencies:
    "@types/unist" "^2.0.2"

unist-util-stringify-position@^3.0.0:
  version "3.0.3"
  dependencies:
    "@types/unist" "^2.0.0"

unist-util-visit-parents@^5.1.1:
  version "5.1.3"
  dependencies:
    "@types/unist" "^2.0.0"
    unist-util-is "^5.0.0"

unist-util-visit@^4.0.0:
  version "4.1.2"
  dependencies:
    "@types/unist" "^2.0.0"
    unist-util-is "^5.0.0"
    unist-util-visit-parents "^5.1.1"

uri-js@^4.2.2:
  version "4.4.1"
  dependencies:
    punycode "^2.1.0"

util-deprecate@^1.0.2:
  version "1.0.2"

vfile-message@^2.0.4:
  version "2.0.4"
  dependencies:
    "@types/unist" "^2.0.0"
    unist-util-stringify-position "^2.0.0"

vfile-message@^3.0.0:
  version "3.1.4"
  dependencies:
    "@types/unist" "^2.0.0"
    unist-util-stringify-position "^3.0.0"

vfile@^5.0.0:
  version "5.3.7"
  dependencies:
    "@types/unist" "^2.0.0"
    is-buffer "^2.0.0"
    unist-util-stringify-position "^3.0.0"
    vfile-message "^3.0.0"

"vite@^3.0.0 || ^4.0.0 || ^5.0.0 || ^6.0.0", vite@^5.0.0, "vite@^5.0.3 || ^6.0.0", vite@^5.4.4:
  version "5.4.11"
  dependencies:
    esbuild "^0.21.3"
    postcss "^8.4.43"
    rollup "^4.20.0"
  optionalDependencies:
    fsevents "~2.3.3"

vitefu@^1.0.3:
  version "1.0.5"

which@^2.0.1:
  version "2.0.2"
  dependencies:
    isexe "^2.0.0"

wrappy@1:
  version "1.0.2"

yaml@^1.10.2:
  version "1.10.2"

yocto-queue@^0.1.0:
  version "0.1.0"

zimmerframe@^1.1.2:
  version "1.1.2"
